<?xml version="1.0" encoding="utf-8"?>
<Project ToolsVersion="4.0" xmlns="http://schemas.microsoft.com/developer/msbuild/2003">
  <ItemGroup>
    <Filter Include="IMPORT:Downloader">
      <UniqueIdentifier>{6b20133d-65ca-4fe2-81a5-a58fb84e430f}</UniqueIdentifier>
    </Filter>
    <Filter Include="Working On">
      <UniqueIdentifier>{87e8ad9f-ab03-40ba-9549-e116455be9d9}</UniqueIdentifier>
    </Filter>
    <Filter Include="AEGIS">
      <UniqueIdentifier>{70b10f15-a205-48a2-bbf6-72797a59fdc0}</UniqueIdentifier>
    </Filter>
  </ItemGroup>
  <ItemGroup>
    <ClCompile Include="main.cpp">
      <Filter>Working On</Filter>
    </ClCompile>
    <ClCompile Include="guild_handler.cpp">
      <Filter>Working On</Filter>
    </ClCompile>
    <ClCompile Include="download\downloader.cpp">
      <Filter>IMPORT:Downloader</Filter>
    </ClCompile>
  </ItemGroup>
  <ItemGroup>
    <ClInclude Include="guild_handler.h">
      <Filter>Working On</Filter>
    </ClInclude>
    <ClInclude Include="download\downloader.h">
      <Filter>IMPORT:Downloader</Filter>
    </ClInclude>
  </ItemGroup>
</Project>